
Microsoft Visual Studio Solution File, Format Version 12.00
# Visual Studio Version 17
VisualStudioVersion = 17.0.32126.317
MinimumVisualStudioVersion = 10.0.40219.1
Project("{9A19103F-16F7-4668-BE54-9A1E7A4F7556}") = "Transport.WebAPI", "Transport.WebAPI\Transport.WebAPI.csproj", "{FDE142C5-48F5-465A-B726-9DA0BA7BEABD}"
EndProject
Project("{9A19103F-16F7-4668-BE54-9A1E7A4F7556}") = "Transport.DAL", "Transport.DAL\Transport.DAL.csproj", "{0F547B70-A8D6-4001-B03E-DBB18813050D}"
EndProject
Project("{9A19103F-16F7-4668-BE54-9A1E7A4F7556}") = "Transport.BLL", "Transport.BLL\Transport.BLL.csproj", "{4DE42B80-B2C1-497F-805E-033FCA6A2546}"
EndProject
Project("{00D1A9C2-B5F0-4AF3-8072-F6C62B433612}") = "Transport.SqlDatabase", "Transport.SqlDatabase\Transport.SqlDatabase.sqlproj", "{65BE824D-B624-4E0F-A7A0-0AD813791B43}"
EndProject
Project("{9A19103F-16F7-4668-BE54-9A1E7A4F7556}") = "Order.WebAPI", "Order.WebAPI\Order.WebAPI.csproj", "{9A489F52-AA45-4123-ABC3-72C1101E3A8A}"
EndProject
Project("{9A19103F-16F7-4668-BE54-9A1E7A4F7556}") = "Order.BLL", "Order.BLL\Order.BLL.csproj", "{11C651F0-C64A-417B-95B6-248CED7A9FD6}"
EndProject
Project("{9A19103F-16F7-4668-BE54-9A1E7A4F7556}") = "Order.DAL", "Order.DAL\Order.DAL.csproj", "{75204D5C-8E3E-4628-A4AC-09BCCA268A32}"
EndProject
Project("{2150E333-8FDC-42A3-9474-1A3956D46DE8}") = "Feedback", "Feedback", "{05EAA5B6-E6F3-491A-AF84-BFED6FA17375}"
EndProject
Project("{2150E333-8FDC-42A3-9474-1A3956D46DE8}") = "Core", "Core", "{C57A2FCF-9FBF-4EBC-8B45-A3A19C310A79}"
EndProject
Project("{2150E333-8FDC-42A3-9474-1A3956D46DE8}") = "Infrastructure", "Infrastructure", "{FD271C6E-D3CB-45DF-9A78-D84AEB0CA15D}"
EndProject
Project("{2150E333-8FDC-42A3-9474-1A3956D46DE8}") = "Presentation", "Presentation", "{26581A55-FF1F-44AF-8143-8919C943EEE9}"
EndProject
Project("{FAE04EC0-301F-11D3-BF4B-00C04F79EFBC}") = "Domain", "Domain\Domain.csproj", "{EE02B91D-76C8-4FC9-BA10-890717E2CB27}"
EndProject
Project("{FAE04EC0-301F-11D3-BF4B-00C04F79EFBC}") = "Application", "Application\Application.csproj", "{5221609F-3E74-4300-B3CC-26D2552E38F3}"
EndProject
Project("{FAE04EC0-301F-11D3-BF4B-00C04F79EFBC}") = "Persistence", "Persistence\Persistence.csproj", "{7CAA23A6-9CC1-4CC9-94CB-104B57305648}"
EndProject
Project("{FAE04EC0-301F-11D3-BF4B-00C04F79EFBC}") = "WebAPI", "WebAPI\WebAPI.csproj", "{DB23C27B-B143-465E-B3C4-FE0A77E906AC}"
EndProject
Global
	GlobalSection(SolutionConfigurationPlatforms) = preSolution
		Debug|Any CPU = Debug|Any CPU
		Release|Any CPU = Release|Any CPU
	EndGlobalSection
	GlobalSection(ProjectConfigurationPlatforms) = postSolution
		{FDE142C5-48F5-465A-B726-9DA0BA7BEABD}.Debug|Any CPU.ActiveCfg = Debug|Any CPU
		{FDE142C5-48F5-465A-B726-9DA0BA7BEABD}.Debug|Any CPU.Build.0 = Debug|Any CPU
		{FDE142C5-48F5-465A-B726-9DA0BA7BEABD}.Release|Any CPU.ActiveCfg = Release|Any CPU
		{FDE142C5-48F5-465A-B726-9DA0BA7BEABD}.Release|Any CPU.Build.0 = Release|Any CPU
		{0F547B70-A8D6-4001-B03E-DBB18813050D}.Debug|Any CPU.ActiveCfg = Debug|Any CPU
		{0F547B70-A8D6-4001-B03E-DBB18813050D}.Debug|Any CPU.Build.0 = Debug|Any CPU
		{0F547B70-A8D6-4001-B03E-DBB18813050D}.Release|Any CPU.ActiveCfg = Release|Any CPU
		{0F547B70-A8D6-4001-B03E-DBB18813050D}.Release|Any CPU.Build.0 = Release|Any CPU
		{4DE42B80-B2C1-497F-805E-033FCA6A2546}.Debug|Any CPU.ActiveCfg = Debug|Any CPU
		{4DE42B80-B2C1-497F-805E-033FCA6A2546}.Debug|Any CPU.Build.0 = Debug|Any CPU
		{4DE42B80-B2C1-497F-805E-033FCA6A2546}.Release|Any CPU.ActiveCfg = Release|Any CPU
		{4DE42B80-B2C1-497F-805E-033FCA6A2546}.Release|Any CPU.Build.0 = Release|Any CPU
		{65BE824D-B624-4E0F-A7A0-0AD813791B43}.Debug|Any CPU.ActiveCfg = Debug|Any CPU
		{65BE824D-B624-4E0F-A7A0-0AD813791B43}.Debug|Any CPU.Build.0 = Debug|Any CPU
		{65BE824D-B624-4E0F-A7A0-0AD813791B43}.Debug|Any CPU.Deploy.0 = Debug|Any CPU
		{65BE824D-B624-4E0F-A7A0-0AD813791B43}.Release|Any CPU.ActiveCfg = Release|Any CPU
		{65BE824D-B624-4E0F-A7A0-0AD813791B43}.Release|Any CPU.Build.0 = Release|Any CPU
		{65BE824D-B624-4E0F-A7A0-0AD813791B43}.Release|Any CPU.Deploy.0 = Release|Any CPU
		{9A489F52-AA45-4123-ABC3-72C1101E3A8A}.Debug|Any CPU.ActiveCfg = Debug|Any CPU
		{9A489F52-AA45-4123-ABC3-72C1101E3A8A}.Debug|Any CPU.Build.0 = Debug|Any CPU
		{9A489F52-AA45-4123-ABC3-72C1101E3A8A}.Release|Any CPU.ActiveCfg = Release|Any CPU
		{9A489F52-AA45-4123-ABC3-72C1101E3A8A}.Release|Any CPU.Build.0 = Release|Any CPU
		{11C651F0-C64A-417B-95B6-248CED7A9FD6}.Debug|Any CPU.ActiveCfg = Debug|Any CPU
		{11C651F0-C64A-417B-95B6-248CED7A9FD6}.Debug|Any CPU.Build.0 = Debug|Any CPU
		{11C651F0-C64A-417B-95B6-248CED7A9FD6}.Release|Any CPU.ActiveCfg = Release|Any CPU
		{11C651F0-C64A-417B-95B6-248CED7A9FD6}.Release|Any CPU.Build.0 = Release|Any CPU
		{75204D5C-8E3E-4628-A4AC-09BCCA268A32}.Debug|Any CPU.ActiveCfg = Debug|Any CPU
		{75204D5C-8E3E-4628-A4AC-09BCCA268A32}.Debug|Any CPU.Build.0 = Debug|Any CPU
		{75204D5C-8E3E-4628-A4AC-09BCCA268A32}.Release|Any CPU.ActiveCfg = Release|Any CPU
		{75204D5C-8E3E-4628-A4AC-09BCCA268A32}.Release|Any CPU.Build.0 = Release|Any CPU
		{EE02B91D-76C8-4FC9-BA10-890717E2CB27}.Debug|Any CPU.ActiveCfg = Debug|Any CPU
		{EE02B91D-76C8-4FC9-BA10-890717E2CB27}.Debug|Any CPU.Build.0 = Debug|Any CPU
		{EE02B91D-76C8-4FC9-BA10-890717E2CB27}.Release|Any CPU.ActiveCfg = Release|Any CPU
		{EE02B91D-76C8-4FC9-BA10-890717E2CB27}.Release|Any CPU.Build.0 = Release|Any CPU
		{5221609F-3E74-4300-B3CC-26D2552E38F3}.Debug|Any CPU.ActiveCfg = Debug|Any CPU
		{5221609F-3E74-4300-B3CC-26D2552E38F3}.Debug|Any CPU.Build.0 = Debug|Any CPU
		{5221609F-3E74-4300-B3CC-26D2552E38F3}.Release|Any CPU.ActiveCfg = Release|Any CPU
		{5221609F-3E74-4300-B3CC-26D2552E38F3}.Release|Any CPU.Build.0 = Release|Any CPU
		{7CAA23A6-9CC1-4CC9-94CB-104B57305648}.Debug|Any CPU.ActiveCfg = Debug|Any CPU
		{7CAA23A6-9CC1-4CC9-94CB-104B57305648}.Debug|Any CPU.Build.0 = Debug|Any CPU
		{7CAA23A6-9CC1-4CC9-94CB-104B57305648}.Release|Any CPU.ActiveCfg = Release|Any CPU
		{7CAA23A6-9CC1-4CC9-94CB-104B57305648}.Release|Any CPU.Build.0 = Release|Any CPU
		{DB23C27B-B143-465E-B3C4-FE0A77E906AC}.Debug|Any CPU.ActiveCfg = Debug|Any CPU
		{DB23C27B-B143-465E-B3C4-FE0A77E906AC}.Debug|Any CPU.Build.0 = Debug|Any CPU
		{DB23C27B-B143-465E-B3C4-FE0A77E906AC}.Release|Any CPU.ActiveCfg = Release|Any CPU
		{DB23C27B-B143-465E-B3C4-FE0A77E906AC}.Release|Any CPU.Build.0 = Release|Any CPU
	EndGlobalSection
	GlobalSection(SolutionProperties) = preSolution
		HideSolutionNode = FALSE
	EndGlobalSection
	GlobalSection(NestedProjects) = preSolution
		{C57A2FCF-9FBF-4EBC-8B45-A3A19C310A79} = {05EAA5B6-E6F3-491A-AF84-BFED6FA17375}
		{FD271C6E-D3CB-45DF-9A78-D84AEB0CA15D} = {05EAA5B6-E6F3-491A-AF84-BFED6FA17375}
		{26581A55-FF1F-44AF-8143-8919C943EEE9} = {05EAA5B6-E6F3-491A-AF84-BFED6FA17375}
		{EE02B91D-76C8-4FC9-BA10-890717E2CB27} = {C57A2FCF-9FBF-4EBC-8B45-A3A19C310A79}
		{5221609F-3E74-4300-B3CC-26D2552E38F3} = {C57A2FCF-9FBF-4EBC-8B45-A3A19C310A79}
		{7CAA23A6-9CC1-4CC9-94CB-104B57305648} = {FD271C6E-D3CB-45DF-9A78-D84AEB0CA15D}
		{DB23C27B-B143-465E-B3C4-FE0A77E906AC} = {26581A55-FF1F-44AF-8143-8919C943EEE9}
	EndGlobalSection
	GlobalSection(ExtensibilityGlobals) = postSolution
		SolutionGuid = {1616147F-AC31-4BA7-A0AE-4F08300F35F6}
	EndGlobalSection
EndGlobal
